
Microsoft Visual Studio Solution File, Format Version 12.00
# Visual Studio Version 17
VisualStudioVersion = 17.4.33213.308
MinimumVisualStudioVersion = 10.0.40219.1
Project("{FAE04EC0-301F-11D3-BF4B-00C04F79EFBC}") = "multiDelegates", "multiDelegates\multiDelegates.csproj", "{BA880CBA-16F7-4118-908F-823A11945AC1}"
EndProject
Global
	GlobalSection(SolutionConfigurationPlatforms) = preSolution
		Debug|Any CPU = Debug|Any CPU
		Release|Any CPU = Release|Any CPU
	EndGlobalSection
	GlobalSection(ProjectConfigurationPlatforms) = postSolution
		{BA880CBA-16F7-4118-908F-823A11945AC1}.Debug|Any CPU.ActiveCfg = Debug|Any CPU
		{BA880CBA-16F7-4118-908F-823A11945AC1}.Debug|Any CPU.Build.0 = Debug|Any CPU
		{BA880CBA-16F7-4118-908F-823A11945AC1}.Release|Any CPU.ActiveCfg = Release|Any CPU
		{BA880CBA-16F7-4118-908F-823A11945AC1}.Release|Any CPU.Build.0 = Release|Any CPU
	EndGlobalSection
	GlobalSection(SolutionProperties) = preSolution
		HideSolutionNode = FALSE
	EndGlobalSection
	GlobalSection(ExtensibilityGlobals) = postSolution
		SolutionGuid = {61EE11BC-61B4-4EE3-BA4E-4DB7A20C0C26}
	EndGlobalSection
EndGlobal
